lockfileVersion: 5.4

specifiers:
  '@faker-js/faker': ^7.6.0
  prettier: ^2.8.1

devDependencies:
  '@faker-js/faker': 7.6.0
  prettier: 2.8.1

packages:

  /@faker-js/faker/7.6.0:
    resolution: {integrity: sha512-XK6BTq1NDMo9Xqw/YkYyGjSsg44fbNwYRx7QK2CuoQgyy+f1rrTDHoExVM5PsyXCtfl2vs2vVJ0MN0yN6LppRw==}
    engines: {node: '>=14.0.0', npm: '>=6.0.0'}
    dev: true

  /prettier/2.8.1:
    resolution: {integrity: sha512-lqGoSJBQNJidqCHE80vqZJHWHRFoNYsSpP9AjFhlhi9ODCJA541svILes/+/1GM3VaL/abZi7cpFzOpdR9UPKg==}
    engines: {node: '>=10.13.0'}
    hasBin: true
    dev: true
